<?xml version="1.0" encoding="utf-8"?>
<Project ToolsVersion="4.0" xmlns="http://schemas.microsoft.com/developer/msbuild/2003">
  <ItemGroup>
    <Filter Include="API FrameWork">
      <UniqueIdentifier>{648e73ef-b751-4176-8c04-8e4aa929a653}</UniqueIdentifier>
    </Filter>
    <Filter Include="API FrameWork\Utility">
      <UniqueIdentifier>{36e3df25-bcfd-459e-a732-081d78e6412a}</UniqueIdentifier>
    </Filter>
    <Filter Include="API FrameWork\DesignPattern">
      <UniqueIdentifier>{381e05d8-87d0-41c8-81ee-28447283def6}</UniqueIdentifier>
    </Filter>
    <Filter Include="API FrameWork\DesignPattern\Singleton">
      <UniqueIdentifier>{423160c8-489e-4820-893b-ba1d69f51830}</UniqueIdentifier>
    </Filter>
    <Filter Include="API FrameWork\Stdafx">
      <UniqueIdentifier>{55ba6f76-7637-4fd2-a5a6-8d16021b289a}</UniqueIdentifier>
    </Filter>
    <Filter Include="API FrameWork\GameNode">
      <UniqueIdentifier>{c80812ca-78ac-4a41-a3b3-3894a99f97a5}</UniqueIdentifier>
    </Filter>
    <Filter Include="API FrameWork\image">
      <UniqueIdentifier>{6c6bd120-7c5f-439d-a83a-3bf94f0e013f}</UniqueIdentifier>
    </Filter>
    <Filter Include="API FrameWork\EaxmpleClasses">
      <UniqueIdentifier>{faab0b5e-20f4-4bdf-8c7a-9f3d0b28e232}</UniqueIdentifier>
    </Filter>
    <Filter Include="API FrameWork\EaxmpleClasses\ShootingGame">
      <UniqueIdentifier>{f338c748-9fe2-45bb-915c-f299072f984c}</UniqueIdentifier>
    </Filter>
    <Filter Include="API FrameWork\EaxmpleClasses\ShootingGame\Rocket">
      <UniqueIdentifier>{1402fe44-88f1-46ba-80f0-975e8ab50a49}</UniqueIdentifier>
    </Filter>
    <Filter Include="API FrameWork\EaxmpleClasses\ShootingGame\Enemy">
      <UniqueIdentifier>{f88d06a2-9dfe-4696-93ee-fcc462967c60}</UniqueIdentifier>
    </Filter>
    <Filter Include="API FrameWork\EaxmpleClasses\ShootingGame\Bullets">
      <UniqueIdentifier>{a90bfb11-9616-4223-9a8f-a3c14f4897f2}</UniqueIdentifier>
    </Filter>
    <Filter Include="API FrameWork\EaxmpleClasses\ShootingGame\AniScene">
      <UniqueIdentifier>{615e61b3-81b5-44d7-b868-80ba0fa7601b}</UniqueIdentifier>
    </Filter>
    <Filter Include="API FrameWork\Manager">
      <UniqueIdentifier>{fe345b9e-1bff-417c-a879-8e4cd2a1e31a}</UniqueIdentifier>
    </Filter>
    <Filter Include="API FrameWork\EaxmpleClasses\ShootingGame\Scene">
      <UniqueIdentifier>{cb504ae6-738e-4f8b-86db-652de0af7aaa}</UniqueIdentifier>
    </Filter>
    <Filter Include="API FrameWork\Manager\ImageManager">
      <UniqueIdentifier>{b45b7ffd-04d7-4841-b325-e1bb509645e8}</UniqueIdentifier>
    </Filter>
    <Filter Include="API FrameWork\Manager\FontManager">
      <UniqueIdentifier>{10e89fc7-73e8-46c8-8994-b92f259934c3}</UniqueIdentifier>
    </Filter>
    <Filter Include="API FrameWork\Manager\KeyManager">
      <UniqueIdentifier>{41d241e6-5e89-4401-9476-1cea9b0138d2}</UniqueIdentifier>
    </Filter>
    <Filter Include="API FrameWork\Manager\SceneManager">
      <UniqueIdentifier>{3e30024a-ffbb-43b5-a03b-bb9fd66c0042}</UniqueIdentifier>
    </Filter>
    <Filter Include="API FrameWork\Manager\TimeManager">
      <UniqueIdentifier>{85e08729-5618-4b33-8048-abbbf96e4afa}</UniqueIdentifier>
    </Filter>
    <Filter Include="API FrameWork\Manager\TimeManager\Timer">
      <UniqueIdentifier>{c1bd53da-65c8-4ff9-a0cc-72c1e2f4a067}</UniqueIdentifier>
    </Filter>
    <Filter Include="API FrameWork\Manager\SoundManager">
      <UniqueIdentifier>{2f23a2d4-3438-4e6a-ae3c-cbd5fc95f9d6}</UniqueIdentifier>
    </Filter>
    <Filter Include="API FrameWork\Manager\TextDataManager">
      <UniqueIdentifier>{0a8d884d-b76b-4cb9-bffe-43c5f16f142f}</UniqueIdentifier>
    </Filter>
    <Filter Include="API FrameWork\Manager\TempSoundManager">
      <UniqueIdentifier>{127fda70-9121-4231-8b84-29b033676f7d}</UniqueIdentifier>
    </Filter>
    <Filter Include="API FrameWork\Manager\TempSoundManager\TempSoundTest">
      <UniqueIdentifier>{9907c12b-6c73-477e-9863-b7cee83038e9}</UniqueIdentifier>
    </Filter>
    <Filter Include="API FrameWork\Manager\XmlManager">
      <UniqueIdentifier>{8b1b9345-9bbf-41a5-a8c3-5c9c736a2cd0}</UniqueIdentifier>
    </Filter>
    <Filter Include="API FrameWork\Manager\XmlManager\TinyXml">
      <UniqueIdentifier>{020391f1-f460-448b-b2e5-2ceee3fc1f7b}</UniqueIdentifier>
    </Filter>
    <Filter Include="API FrameWork\EaxmpleClasses\Pixel">
      <UniqueIdentifier>{85f9211d-0f92-44cc-b195-5b8e5bfbbfe1}</UniqueIdentifier>
    </Filter>
    <Filter Include="API FrameWork\Manager\MapInfoManager">
      <UniqueIdentifier>{79f45f94-e239-4b28-a312-03956b1101ce}</UniqueIdentifier>
    </Filter>
    <Filter Include="API FrameWork\Manager\PlayerInfoManager">
      <UniqueIdentifier>{f4725d2c-54a8-485c-9535-dc809dd91dd2}</UniqueIdentifier>
    </Filter>
    <Filter Include="API FrameWork\Manager\ItemInfoManager">
      <UniqueIdentifier>{8f92d24e-71dc-4c70-a98d-de881351eda3}</UniqueIdentifier>
    </Filter>
    <Filter Include="API FrameWork\Animation">
      <UniqueIdentifier>{3365bb20-29ae-4336-b7eb-6595daeeb991}</UniqueIdentifier>
    </Filter>
    <Filter Include="API FrameWork\Scene">
      <UniqueIdentifier>{7eba4f0e-a635-4ea1-b107-73ee0f09df73}</UniqueIdentifier>
    </Filter>
    <Filter Include="API FrameWork\EaxmpleClasses\Effect">
      <UniqueIdentifier>{8d2b6a4d-bff7-447c-860a-053dc95d9cb4}</UniqueIdentifier>
    </Filter>
    <Filter Include="API FrameWork\EaxmpleClasses\Effect\ShootingEffect">
      <UniqueIdentifier>{2d848f55-0d77-4ee4-a6c4-8cd95f5c83eb}</UniqueIdentifier>
    </Filter>
    <Filter Include="API FrameWork\EaxmpleClasses\ProgressBar">
      <UniqueIdentifier>{ed7ec1e4-8683-44ea-89a7-d7174370c92f}</UniqueIdentifier>
    </Filter>
    <Filter Include="API FrameWork\MainGame">
      <UniqueIdentifier>{11d6f2db-5a8c-4240-91f6-34d85bc14363}</UniqueIdentifier>
    </Filter>
    <Filter Include="API FrameWork\Player">
      <UniqueIdentifier>{098fc220-f359-4c54-9d99-8a55090d180c}</UniqueIdentifier>
    </Filter>
    <Filter Include="API FrameWork\Object">
      <UniqueIdentifier>{5670c0ee-3757-40ef-ac63-1ab5c44210c3}</UniqueIdentifier>
    </Filter>
    <Filter Include="API FrameWork\Object\Wall">
      <UniqueIdentifier>{dcf9a4fe-0e69-4603-9bb3-d0a60850c218}</UniqueIdentifier>
    </Filter>
    <Filter Include="API FrameWork\Animator">
      <UniqueIdentifier>{18e9d8b0-3576-4177-8371-8d213bbc871c}</UniqueIdentifier>
    </Filter>
  </ItemGroup>
  <ItemGroup>
    <ClCompile Include="Stdafx.cpp">
      <Filter>API FrameWork\Stdafx</Filter>
    </ClCompile>
    <ClCompile Include="GameNode.cpp">
      <Filter>API FrameWork\GameNode</Filter>
    </ClCompile>
    <ClCompile Include="MainGame.cpp">
      <Filter>API FrameWork\MainGame</Filter>
    </ClCompile>
    <ClCompile Include="Image.cpp">
      <Filter>API FrameWork\image</Filter>
    </ClCompile>
    <ClCompile Include="ImageManager.cpp">
      <Filter>API FrameWork\Manager\ImageManager</Filter>
    </ClCompile>
    <ClCompile Include="SecondScene.cpp">
      <Filter>API FrameWork\Scene</Filter>
    </ClCompile>
    <ClCompile Include="StartScene.cpp">
      <Filter>API FrameWork\Scene</Filter>
    </ClCompile>
    <ClCompile Include="FontManager.cpp">
      <Filter>API FrameWork\Manager\FontManager</Filter>
    </ClCompile>
    <ClCompile Include="TempSoundManager.cpp">
      <Filter>API FrameWork\Manager\TempSoundManager</Filter>
    </ClCompile>
    <ClCompile Include="TempSoundTest.cpp">
      <Filter>API FrameWork\Manager\TempSoundManager\TempSoundTest</Filter>
    </ClCompile>
    <ClCompile Include="Flame.cpp">
      <Filter>API FrameWork\EaxmpleClasses\ShootingGame\Rocket</Filter>
    </ClCompile>
    <ClCompile Include="Rocket.cpp">
      <Filter>API FrameWork\EaxmpleClasses\ShootingGame\Rocket</Filter>
    </ClCompile>
    <ClCompile Include="Utils.cpp">
      <Filter>API FrameWork\Utility</Filter>
    </ClCompile>
    <ClCompile Include="Enemy.cpp">
      <Filter>API FrameWork\EaxmpleClasses\ShootingGame\Enemy</Filter>
    </ClCompile>
    <ClCompile Include="EnemyManager.cpp">
      <Filter>API FrameWork\EaxmpleClasses\ShootingGame\Enemy</Filter>
    </ClCompile>
    <ClCompile Include="Bullets.cpp">
      <Filter>API FrameWork\EaxmpleClasses\ShootingGame\Bullets</Filter>
    </ClCompile>
    <ClCompile Include="Minion.cpp">
      <Filter>API FrameWork\EaxmpleClasses\ShootingGame\Enemy</Filter>
    </ClCompile>
    <ClCompile Include="Timer.cpp">
      <Filter>API FrameWork\Manager\TimeManager\Timer</Filter>
    </ClCompile>
    <ClCompile Include="TimeManager.cpp">
      <Filter>API FrameWork\Manager\TimeManager</Filter>
    </ClCompile>
    <ClCompile Include="ProgressBar.cpp">
      <Filter>API FrameWork\EaxmpleClasses\ProgressBar</Filter>
    </ClCompile>
    <ClCompile Include="Animation.cpp">
      <Filter>API FrameWork\Animation</Filter>
    </ClCompile>
    <ClCompile Include="AniTestScene.cpp">
      <Filter>API FrameWork\EaxmpleClasses\ShootingGame\AniScene</Filter>
    </ClCompile>
    <ClCompile Include="ShootingEffect.cpp">
      <Filter>API FrameWork\EaxmpleClasses\Effect\ShootingEffect</Filter>
    </ClCompile>
    <ClCompile Include="Collision.cpp">
      <Filter>API FrameWork\EaxmpleClasses\ShootingGame\Scene</Filter>
    </ClCompile>
    <ClCompile Include="ShootingScene.cpp">
      <Filter>API FrameWork\EaxmpleClasses\ShootingGame\Scene</Filter>
    </ClCompile>
    <ClCompile Include="KeyManager.cpp">
      <Filter>API FrameWork\Manager\KeyManager</Filter>
    </ClCompile>
    <ClCompile Include="SceneManager.cpp">
      <Filter>API FrameWork\Manager\SceneManager</Filter>
    </ClCompile>
    <ClCompile Include="SoundManager.cpp">
      <Filter>API FrameWork\Manager\SoundManager</Filter>
    </ClCompile>
    <ClCompile Include="TextDataManager.cpp">
      <Filter>API FrameWork\Manager\TextDataManager</Filter>
    </ClCompile>
    <ClCompile Include="tinystr.cpp">
      <Filter>API FrameWork\Manager\XmlManager\TinyXml</Filter>
    </ClCompile>
    <ClCompile Include="tinyxml.cpp">
      <Filter>API FrameWork\Manager\XmlManager\TinyXml</Filter>
    </ClCompile>
    <ClCompile Include="tinyxmlerror.cpp">
      <Filter>API FrameWork\Manager\XmlManager\TinyXml</Filter>
    </ClCompile>
    <ClCompile Include="tinyxmlparser.cpp">
      <Filter>API FrameWork\Manager\XmlManager\TinyXml</Filter>
    </ClCompile>
    <ClCompile Include="XmlManager.cpp">
      <Filter>API FrameWork\Manager\XmlManager</Filter>
    </ClCompile>
    <ClCompile Include="Constants.cpp">
      <Filter>API FrameWork\Utility</Filter>
    </ClCompile>
    <ClCompile Include="CommonMacroFunction.cpp">
      <Filter>API FrameWork\Utility</Filter>
    </ClCompile>
    <ClCompile Include="WinMain.cpp" />
    <ClCompile Include="PixelCollision.cpp">
      <Filter>API FrameWork\EaxmpleClasses\Pixel</Filter>
    </ClCompile>
    <ClCompile Include="PixelScene.cpp">
      <Filter>API FrameWork\EaxmpleClasses\Pixel</Filter>
    </ClCompile>
    <ClCompile Include="MapInfoManager.cpp">
      <Filter>API FrameWork\Manager\MapInfoManager</Filter>
    </ClCompile>
    <ClCompile Include="Enums.cpp">
      <Filter>API FrameWork\Utility</Filter>
    </ClCompile>
    <ClCompile Include="PlayerInfoManager.cpp">
      <Filter>API FrameWork\Manager\PlayerInfoManager</Filter>
    </ClCompile>
    <ClCompile Include="ItemInfoManager.cpp">
      <Filter>API FrameWork\Manager\ItemInfoManager</Filter>
    </ClCompile>
    <ClCompile Include="LobbyScene.cpp">
      <Filter>API FrameWork\Scene</Filter>
    </ClCompile>
    <ClCompile Include="Player.cpp">
      <Filter>API FrameWork\Player</Filter>
    </ClCompile>
    <ClCompile Include="Object.cpp">
      <Filter>API FrameWork\Object</Filter>
    </ClCompile>
    <ClCompile Include="Wall.cpp">
      <Filter>API FrameWork\Object\Wall</Filter>
    </ClCompile>
    <ClCompile Include="Animator.cpp">
      <Filter>API FrameWork\Animator</Filter>
    </ClCompile>
    <ClCompile Include="Slime.cpp">
      <Filter>API FrameWork\EaxmpleClasses\ShootingGame\Enemy</Filter>
    </ClCompile>
    <ClCompile Include="Scene.cpp">
      <Filter>API FrameWork\Scene</Filter>
    </ClCompile>
    <ClCompile Include="slimeBlue.cpp">
      <Filter>API FrameWork\EaxmpleClasses\ShootingGame\Enemy</Filter>
    </ClCompile>
  </ItemGroup>
  <ItemGroup>
    <ClInclude Include="SingletonBase.h">
      <Filter>API FrameWork\DesignPattern\Singleton</Filter>
    </ClInclude>
    <ClInclude Include="Stdafx.h">
      <Filter>API FrameWork\Stdafx</Filter>
    </ClInclude>
    <ClInclude Include="RandomFunction.h">
      <Filter>API FrameWork\Utility</Filter>
    </ClInclude>
    <ClInclude Include="CommonMacroFunction.h">
      <Filter>API FrameWork\Utility</Filter>
    </ClInclude>
    <ClInclude Include="GameNode.h">
      <Filter>API FrameWork\GameNode</Filter>
    </ClInclude>
    <ClInclude Include="MainGame.h">
      <Filter>API FrameWork\MainGame</Filter>
    </ClInclude>
    <ClInclude Include="Image.h">
      <Filter>API FrameWork\image</Filter>
    </ClInclude>
    <ClInclude Include="ImageManager.h">
      <Filter>API FrameWork\Manager\ImageManager</Filter>
    </ClInclude>
    <ClInclude Include="SecondScene.h">
      <Filter>API FrameWork\Scene</Filter>
    </ClInclude>
    <ClInclude Include="StartScene.h">
      <Filter>API FrameWork\Scene</Filter>
    </ClInclude>
    <ClInclude Include="FontManager.h">
      <Filter>API FrameWork\Manager\FontManager</Filter>
    </ClInclude>
    <ClInclude Include="TempSoundManager.h">
      <Filter>API FrameWork\Manager\TempSoundManager</Filter>
    </ClInclude>
    <ClInclude Include="TempSoundTest.h">
      <Filter>API FrameWork\Manager\TempSoundManager\TempSoundTest</Filter>
    </ClInclude>
    <ClInclude Include="Flame.h">
      <Filter>API FrameWork\EaxmpleClasses\ShootingGame\Rocket</Filter>
    </ClInclude>
    <ClInclude Include="Rocket.h">
      <Filter>API FrameWork\EaxmpleClasses\ShootingGame\Rocket</Filter>
    </ClInclude>
    <ClInclude Include="Utils.h">
      <Filter>API FrameWork\Utility</Filter>
    </ClInclude>
    <ClInclude Include="Enemy.h">
      <Filter>API FrameWork\EaxmpleClasses\ShootingGame\Enemy</Filter>
    </ClInclude>
    <ClInclude Include="EnemyManager.h">
      <Filter>API FrameWork\EaxmpleClasses\ShootingGame\Enemy</Filter>
    </ClInclude>
    <ClInclude Include="Bullets.h">
      <Filter>API FrameWork\EaxmpleClasses\ShootingGame\Bullets</Filter>
    </ClInclude>
    <ClInclude Include="Minion.h">
      <Filter>API FrameWork\EaxmpleClasses\ShootingGame\Enemy</Filter>
    </ClInclude>
    <ClInclude Include="Timer.h">
      <Filter>API FrameWork\Manager\TimeManager\Timer</Filter>
    </ClInclude>
    <ClInclude Include="TimeManager.h">
      <Filter>API FrameWork\Manager\TimeManager</Filter>
    </ClInclude>
    <ClInclude Include="ProgressBar.h">
      <Filter>API FrameWork\EaxmpleClasses\ProgressBar</Filter>
    </ClInclude>
    <ClInclude Include="Animation.h">
      <Filter>API FrameWork\Animation</Filter>
    </ClInclude>
    <ClInclude Include="AniTestScene.h">
      <Filter>API FrameWork\EaxmpleClasses\ShootingGame\AniScene</Filter>
    </ClInclude>
    <ClInclude Include="ShootingEffect.h">
      <Filter>API FrameWork\EaxmpleClasses\Effect\ShootingEffect</Filter>
    </ClInclude>
    <ClInclude Include="ShootingScene.h">
      <Filter>API FrameWork\EaxmpleClasses\ShootingGame\Scene</Filter>
    </ClInclude>
    <ClInclude Include="KeyManager.h">
      <Filter>API FrameWork\Manager\KeyManager</Filter>
    </ClInclude>
    <ClInclude Include="SceneManager.h">
      <Filter>API FrameWork\Manager\SceneManager</Filter>
    </ClInclude>
    <ClInclude Include="SoundManager.h">
      <Filter>API FrameWork\Manager\SoundManager</Filter>
    </ClInclude>
    <ClInclude Include="TextDataManager.h">
      <Filter>API FrameWork\Manager\TextDataManager</Filter>
    </ClInclude>
    <ClInclude Include="tinystr.h">
      <Filter>API FrameWork\Manager\XmlManager\TinyXml</Filter>
    </ClInclude>
    <ClInclude Include="tinyxml.h">
      <Filter>API FrameWork\Manager\XmlManager\TinyXml</Filter>
    </ClInclude>
    <ClInclude Include="XmlManager.h">
      <Filter>API FrameWork\Manager\XmlManager</Filter>
    </ClInclude>
    <ClInclude Include="Constants.h">
      <Filter>API FrameWork\Utility</Filter>
    </ClInclude>
    <ClInclude Include="PixelCollision.h">
      <Filter>API FrameWork\EaxmpleClasses\Pixel</Filter>
    </ClInclude>
    <ClInclude Include="PixelScene.h">
      <Filter>API FrameWork\EaxmpleClasses\Pixel</Filter>
    </ClInclude>
    <ClInclude Include="MapInfoManager.h">
      <Filter>API FrameWork\Manager\MapInfoManager</Filter>
    </ClInclude>
    <ClInclude Include="Enums.h">
      <Filter>API FrameWork\Utility</Filter>
    </ClInclude>
    <ClInclude Include="PlayerInfoManager.h">
      <Filter>API FrameWork\Manager\PlayerInfoManager</Filter>
    </ClInclude>
    <ClInclude Include="ItemInfoManager.h">
      <Filter>API FrameWork\Manager\ItemInfoManager</Filter>
    </ClInclude>
    <ClInclude Include="LobbyScene.h">
      <Filter>API FrameWork\Scene</Filter>
    </ClInclude>
    <ClInclude Include="Player.h">
      <Filter>API FrameWork\Player</Filter>
    </ClInclude>
    <ClInclude Include="Object.h">
      <Filter>API FrameWork\Object</Filter>
    </ClInclude>
    <ClInclude Include="Wall.h">
      <Filter>API FrameWork\Object\Wall</Filter>
    </ClInclude>
    <ClInclude Include="Animator.h">
      <Filter>API FrameWork\Animator</Filter>
    </ClInclude>
    <ClInclude Include="Slime.h">
      <Filter>API FrameWork\EaxmpleClasses\ShootingGame\Enemy</Filter>
    </ClInclude>
    <ClInclude Include="Scene.h">
      <Filter>API FrameWork\Scene</Filter>
    </ClInclude>
    <ClInclude Include="slimeBlue.h">
      <Filter>API FrameWork\EaxmpleClasses\ShootingGame\Enemy</Filter>
    </ClInclude>
  </ItemGroup>
</Project>